// !$*UTF8*$!
{
	archiveVersion = 1;
	classes = {
	};
	objectVersion = 50;
	objects = {

/* Begin PBXBuildFile section */
		E121958323C85A2500575D0E /* AppDelegate.m in Sources */ = {isa = PBXBuildFile; fileRef = E121958223C85A2500575D0E /* AppDelegate.m */; };
		E121958623C85A2500575D0E /* SceneDelegate.m in Sources */ = {isa = PBXBuildFile; fileRef = E121958523C85A2500575D0E /* SceneDelegate.m */; };
		E121958923C85A2500575D0E /* ViewController.m in Sources */ = {isa = PBXBuildFile; fileRef = E121958823C85A2500575D0E /* ViewController.m */; };
		E121958C23C85A2500575D0E /* Main.storyboard in Resources */ = {isa = PBXBuildFile; fileRef = E121958A23C85A2500575D0E /* Main.storyboard */; };
		E121958E23C85A2800575D0E /* Assets.xcassets in Resources */ = {isa = PBXBuildFile; fileRef = E121958D23C85A2800575D0E /* Assets.xcassets */; };
		E121959123C85A2800575D0E /* LaunchScreen.storyboard in Resources */ = {isa = PBXBuildFile; fileRef = E121958F23C85A2800575D0E /* LaunchScreen.storyboard */; };
		E121959423C85A2800575D0E /* main.m in Sources */ = {isa = PBXBuildFile; fileRef = E121959323C85A2800575D0E /* main.m */; };
		E121959E23C85A2800575D0E /* YLAutoThreadTests.m in Sources */ = {isa = PBXBuildFile; fileRef = E121959D23C85A2800575D0E /* YLAutoThreadTests.m */; };
		E12195A923C85A2800575D0E /* YLAutoThreadUITests.m in Sources */ = {isa = PBXBuildFile; fileRef = E12195A823C85A2800575D0E /* YLAutoThreadUITests.m */; };
		E12195B823C85A3B00575D0E /* YLPermenantThread.m in Sources */ = {isa = PBXBuildFile; fileRef = E12195B723C85A3B00575D0E /* YLPermenantThread.m */; };
/* End PBXBuildFile section */

/* Begin PBXContainerItemProxy section */
		E121959A23C85A2800575D0E /* PBXContainerItemProxy */ = {
			isa = PBXContainerItemProxy;
			containerPortal = E121957623C85A2500575D0E /* Project object */;
			proxyType = 1;
			remoteGlobalIDString = E121957D23C85A2500575D0E;
			remoteInfo = YLAutoThread;
		};
		E12195A523C85A2800575D0E /* PBXContainerItemProxy */ = {
			isa = PBXContainerItemProxy;
			containerPortal = E121957623C85A2500575D0E /* Project object */;
			proxyType = 1;
			remoteGlobalIDString = E121957D23C85A2500575D0E;
			remoteInfo = YLAutoThread;
		};
/* End PBXContainerItemProxy section */

/* Begin PBXFileReference section */
		E121957E23C85A2500575D0E /* YLPermenantThread.app */ = {isa = PBXFileReference; explicitFileType = wrapper.application; includeInIndex = 0; path = YLPermenantThread.app; sourceTree = BUILT_PRODUCTS_DIR; };
		E121958123C85A2500575D0E /* AppDelegate.h */ = {isa = PBXFileReference; lastKnownFileType = sourcecode.c.h; path = AppDelegate.h; sourceTree = "<group>"; };
		E121958223C85A2500575D0E /* AppDelegate.m */ = {isa = PBXFileReference; lastKnownFileType = sourcecode.c.objc; path = AppDelegate.m; sourceTree = "<group>"; };
		E121958423C85A2500575D0E /* SceneDelegate.h */ = {isa = PBXFileReference; lastKnownFileType = sourcecode.c.h; path = SceneDelegate.h; sourceTree = "<group>"; };
		E121958523C85A2500575D0E /* SceneDelegate.m */ = {isa = PBXFileReference; lastKnownFileType = sourcecode.c.objc; path = SceneDelegate.m; sourceTree = "<group>"; };
		E121958723C85A2500575D0E /* ViewController.h */ = {isa = PBXFileReference; lastKnownFileType = sourcecode.c.h; path = ViewController.h; sourceTree = "<group>"; };
		E121958823C85A2500575D0E /* ViewController.m */ = {isa = PBXFileReference; lastKnownFileType = sourcecode.c.objc; path = ViewController.m; sourceTree = "<group>"; };
		E121958B23C85A2500575D0E /* Base */ = {isa = PBXFileReference; lastKnownFileType = file.storyboard; name = Base; path = Base.lproj/Main.storyboard; sourceTree = "<group>"; };
		E121958D23C85A2800575D0E /* Assets.xcassets */ = {isa = PBXFileReference; lastKnownFileType = folder.assetcatalog; path = Assets.xcassets; sourceTree = "<group>"; };
		E121959023C85A2800575D0E /* Base */ = {isa = PBXFileReference; lastKnownFileType = file.storyboard; name = Base; path = Base.lproj/LaunchScreen.storyboard; sourceTree = "<group>"; };
		E121959223C85A2800575D0E /* Info.plist */ = {isa = PBXFileReference; lastKnownFileType = text.plist.xml; path = Info.plist; sourceTree = "<group>"; };
		E121959323C85A2800575D0E /* main.m */ = {isa = PBXFileReference; lastKnownFileType = sourcecode.c.objc; path = main.m; sourceTree = "<group>"; };
		E121959923C85A2800575D0E /* YLPermenantThreadTests.xctest */ = {isa = PBXFileReference; explicitFileType = wrapper.cfbundle; includeInIndex = 0; path = YLPermenantThreadTests.xctest; sourceTree = BUILT_PRODUCTS_DIR; };
		E121959D23C85A2800575D0E /* YLAutoThreadTests.m */ = {isa = PBXFileReference; lastKnownFileType = sourcecode.c.objc; path = YLAutoThreadTests.m; sourceTree = "<group>"; };
		E121959F23C85A2800575D0E /* Info.plist */ = {isa = PBXFileReference; lastKnownFileType = text.plist.xml; path = Info.plist; sourceTree = "<group>"; };
		E12195A423C85A2800575D0E /* YLPermenantThreadUITests.xctest */ = {isa = PBXFileReference; explicitFileType = wrapper.cfbundle; includeInIndex = 0; path = YLPermenantThreadUITests.xctest; sourceTree = BUILT_PRODUCTS_DIR; };
		E12195A823C85A2800575D0E /* YLAutoThreadUITests.m */ = {isa = PBXFileReference; lastKnownFileType = sourcecode.c.objc; path = YLAutoThreadUITests.m; sourceTree = "<group>"; };
		E12195AA23C85A2800575D0E /* Info.plist */ = {isa = PBXFileReference; lastKnownFileType = text.plist.xml; path = Info.plist; sourceTree = "<group>"; };
		E12195B623C85A3B00575D0E /* YLPermenantThread.h */ = {isa = PBXFileReference; lastKnownFileType = sourcecode.c.h; path = YLPermenantThread.h; sourceTree = "<group>"; };
		E12195B723C85A3B00575D0E /* YLPermenantThread.m */ = {isa = PBXFileReference; lastKnownFileType = sourcecode.c.objc; path = YLPermenantThread.m; sourceTree = "<group>"; };
/* End PBXFileReference section */

/* Begin PBXFrameworksBuildPhase section */
		E121957B23C85A2500575D0E /* Frameworks */ = {
			isa = PBXFrameworksBuildPhase;
			buildActionMask = 2147483647;
			files = (
			);
			runOnlyForDeploymentPostprocessing = 0;
		};
		E121959623C85A2800575D0E /* Frameworks */ = {
			isa = PBXFrameworksBuildPhase;
			buildActionMask = 2147483647;
			files = (
			);
			runOnlyForDeploymentPostprocessing = 0;
		};
		E12195A123C85A2800575D0E /* Frameworks */ = {
			isa = PBXFrameworksBuildPhase;
			buildActionMask = 2147483647;
			files = (
			);
			runOnlyForDeploymentPostprocessing = 0;
		};
/* End PBXFrameworksBuildPhase section */

/* Begin PBXGroup section */
		E121957523C85A2500575D0E = {
			isa = PBXGroup;
			children = (
				E121958023C85A2500575D0E /* YLPermenantThread */,
				E121959C23C85A2800575D0E /* YLAutoThreadTests */,
				E12195A723C85A2800575D0E /* YLAutoThreadUITests */,
				E121957F23C85A2500575D0E /* Products */,
			);
			sourceTree = "<group>";
		};
		E121957F23C85A2500575D0E /* Products */ = {
			isa = PBXGroup;
			children = (
				E121957E23C85A2500575D0E /* YLPermenantThread.app */,
				E121959923C85A2800575D0E /* YLPermenantThreadTests.xctest */,
				E12195A423C85A2800575D0E /* YLPermenantThreadUITests.xctest */,
			);
			name = Products;
			sourceTree = "<group>";
		};
		E121958023C85A2500575D0E /* YLPermenantThread */ = {
			isa = PBXGroup;
			children = (
				E121958123C85A2500575D0E /* AppDelegate.h */,
				E121958223C85A2500575D0E /* AppDelegate.m */,
				E121958423C85A2500575D0E /* SceneDelegate.h */,
				E121958523C85A2500575D0E /* SceneDelegate.m */,
				E121958723C85A2500575D0E /* ViewController.h */,
				E121958823C85A2500575D0E /* ViewController.m */,
				E121958A23C85A2500575D0E /* Main.storyboard */,
				E121958D23C85A2800575D0E /* Assets.xcassets */,
				E121958F23C85A2800575D0E /* LaunchScreen.storyboard */,
				E121959223C85A2800575D0E /* Info.plist */,
				E121959323C85A2800575D0E /* main.m */,
				E12195B623C85A3B00575D0E /* YLPermenantThread.h */,
				E12195B723C85A3B00575D0E /* YLPermenantThread.m */,
			);
			path = YLPermenantThread;
			sourceTree = "<group>";
		};
		E121959C23C85A2800575D0E /* YLAutoThreadTests */ = {
			isa = PBXGroup;
			children = (
				E121959D23C85A2800575D0E /* YLAutoThreadTests.m */,
				E121959F23C85A2800575D0E /* Info.plist */,
			);
			path = YLAutoThreadTests;
			sourceTree = "<group>";
		};
		E12195A723C85A2800575D0E /* YLAutoThreadUITests */ = {
			isa = PBXGroup;
			children = (
				E12195A823C85A2800575D0E /* YLAutoThreadUITests.m */,
				E12195AA23C85A2800575D0E /* Info.plist */,
			);
			path = YLAutoThreadUITests;
			sourceTree = "<group>";
		};
/* End PBXGroup section */

/* Begin PBXNativeTarget section */
		E121957D23C85A2500575D0E /* YLPermenantThread */ = {
			isa = PBXNativeTarget;
			buildConfigurationList = E12195AD23C85A2800575D0E /* Build configuration list for PBXNativeTarget "YLPermenantThread" */;
			buildPhases = (
				E121957A23C85A2500575D0E /* Sources */,
				E121957B23C85A2500575D0E /* Frameworks */,
				E121957C23C85A2500575D0E /* Resources */,
			);
			buildRules = (
			);
			dependencies = (
			);
			name = YLPermenantThread;
			productName = YLAutoThread;
			productReference = E121957E23C85A2500575D0E /* YLPermenantThread.app */;
			productType = "com.apple.product-type.application";
		};
		E121959823C85A2800575D0E /* YLPermenantThreadTests */ = {
			isa = PBXNativeTarget;
			buildConfigurationList = E12195B023C85A2800575D0E /* Build configuration list for PBXNativeTarget "YLPermenantThreadTests" */;
			buildPhases = (
				E121959523C85A2800575D0E /* Sources */,
				E121959623C85A2800575D0E /* Frameworks */,
				E121959723C85A2800575D0E /* Resources */,
			);
			buildRules = (
			);
			dependencies = (
				E121959B23C85A2800575D0E /* PBXTargetDependency */,
			);
			name = YLPermenantThreadTests;
			productName = YLAutoThreadTests;
			productReference = E121959923C85A2800575D0E /* YLPermenantThreadTests.xctest */;
			productType = "com.apple.product-type.bundle.unit-test";
		};
		E12195A323C85A2800575D0E /* YLPermenantThreadUITests */ = {
			isa = PBXNativeTarget;
			buildConfigurationList = E12195B323C85A2800575D0E /* Build configuration list for PBXNativeTarget "YLPermenantThreadUITests" */;
			buildPhases = (
				E12195A023C85A2800575D0E /* Sources */,
				E12195A123C85A2800575D0E /* Frameworks */,
				E12195A223C85A2800575D0E /* Resources */,
			);
			buildRules = (
			);
			dependencies = (
				E12195A623C85A2800575D0E /* PBXTargetDependency */,
			);
			name = YLPermenantThreadUITests;
			productName = YLAutoThreadUITests;
			productReference = E12195A423C85A2800575D0E /* YLPermenantThreadUITests.xctest */;
			productType = "com.apple.product-type.bundle.ui-testing";
		};
/* End PBXNativeTarget section */

/* Begin PBXProject section */
		E121957623C85A2500575D0E /* Project object */ = {
			isa = PBXProject;
			attributes = {
				LastUpgradeCheck = 1130;
				ORGANIZATIONNAME = yl;
				TargetAttributes = {
					E121957D23C85A2500575D0E = {
						CreatedOnToolsVersion = 11.3;
					};
					E121959823C85A2800575D0E = {
						CreatedOnToolsVersion = 11.3;
						TestTargetID = E121957D23C85A2500575D0E;
					};
					E12195A323C85A2800575D0E = {
						CreatedOnToolsVersion = 11.3;
						TestTargetID = E121957D23C85A2500575D0E;
					};
				};
			};
			buildConfigurationList = E121957923C85A2500575D0E /* Build configuration list for PBXProject "YLPermenantThread" */;
			compatibilityVersion = "Xcode 9.3";
			developmentRegion = en;
			hasScannedForEncodings = 0;
			knownRegions = (
				en,
				Base,
			);
			mainGroup = E121957523C85A2500575D0E;
			productRefGroup = E121957F23C85A2500575D0E /* Products */;
			projectDirPath = "";
			projectRoot = "";
			targets = (
				E121957D23C85A2500575D0E /* YLPermenantThread */,
				E121959823C85A2800575D0E /* YLPermenantThreadTests */,
				E12195A323C85A2800575D0E /* YLPermenantThreadUITests */,
			);
		};
/* End PBXProject section */

/* Begin PBXResourcesBuildPhase section */
		E121957C23C85A2500575D0E /* Resources */ = {
			isa = PBXResourcesBuildPhase;
			buildActionMask = 2147483647;
			files = (
				E121959123C85A2800575D0E /* LaunchScreen.storyboard in Resources */,
				E121958E23C85A2800575D0E /* Assets.xcassets in Resources */,
				E121958C23C85A2500575D0E /* Main.storyboard in Resources */,
			);
			runOnlyForDeploymentPostprocessing = 0;
		};
		E121959723C85A2800575D0E /* Resources */ = {
			isa = PBXResourcesBuildPhase;
			buildActionMask = 2147483647;
			files = (
			);
			runOnlyForDeploymentPostprocessing = 0;
		};
		E12195A223C85A2800575D0E /* Resources */ = {
			isa = PBXResourcesBuildPhase;
			buildActionMask = 2147483647;
			files = (
			);
			runOnlyForDeploymentPostprocessing = 0;
		};
/* End PBXResourcesBuildPhase section */

/* Begin PBXSourcesBuildPhase section */
		E121957A23C85A2500575D0E /* Sources */ = {
			isa = PBXSourcesBuildPhase;
			buildActionMask = 2147483647;
			files = (
				E121958923C85A2500575D0E /* ViewController.m in Sources */,
				E121958323C85A2500575D0E /* AppDelegate.m in Sources */,
				E121959423C85A2800575D0E /* main.m in Sources */,
				E121958623C85A2500575D0E /* SceneDelegate.m in Sources */,
				E12195B823C85A3B00575D0E /* YLPermenantThread.m in Sources */,
			);
			runOnlyForDeploymentPostprocessing = 0;
		};
		E121959523C85A2800575D0E /* Sources */ = {
			isa = PBXSourcesBuildPhase;
			buildActionMask = 2147483647;
			files = (
				E121959E23C85A2800575D0E /* YLAutoThreadTests.m in Sources */,
			);
			runOnlyForDeploymentPostprocessing = 0;
		};
		E12195A023C85A2800575D0E /* Sources */ = {
			isa = PBXSourcesBuildPhase;
			buildActionMask = 2147483647;
			files = (
				E12195A923C85A2800575D0E /* YLAutoThreadUITests.m in Sources */,
			);
			runOnlyForDeploymentPostprocessing = 0;
		};
/* End PBXSourcesBuildPhase section */

/* Begin PBXTargetDependency section */
		E121959B23C85A2800575D0E /* PBXTargetDependency */ = {
			isa = PBXTargetDependency;
			target = E121957D23C85A2500575D0E /* YLPermenantThread */;
			targetProxy = E121959A23C85A2800575D0E /* PBXContainerItemProxy */;
		};
		E12195A623C85A2800575D0E /* PBXTargetDependency */ = {
			isa = PBXTargetDependency;
			target = E121957D23C85A2500575D0E /* YLPermenantThread */;
			targetProxy = E12195A523C85A2800575D0E /* PBXContainerItemProxy */;
		};
/* End PBXTargetDependency section */

/* Begin PBXVariantGroup section */
		E121958A23C85A2500575D0E /* Main.storyboard */ = {
			isa = PBXVariantGroup;
			children = (
				E121958B23C85A2500575D0E /* Base */,
			);
			name = Main.storyboard;
			sourceTree = "<group>";
		};
		E121958F23C85A2800575D0E /* LaunchScreen.storyboard */ = {
			isa = PBXVariantGroup;
			children = (
				E121959023C85A2800575D0E /* Base */,
			);
			name = LaunchScreen.storyboard;
			sourceTree = "<group>";
		};
/* End PBXVariantGroup section */

/* Begin XCBuildConfiguration section */
		E12195AB23C85A2800575D0E /* Debug */ = {
			isa = XCBuildConfiguration;
			buildSettings = {
				ALWAYS_SEARCH_USER_PATHS = NO;
				CLANG_ANALYZER_NONNULL = YES;
				CLANG_ANALYZER_NUMBER_OBJECT_CONVERSION = YES_AGGRESSIVE;
				CLANG_CXX_LANGUAGE_STANDARD = "gnu++14";
				CLANG_CXX_LIBRARY = "libc++";
				CLANG_ENABLE_MODULES = YES;
				CLANG_ENABLE_OBJC_ARC = YES;
				CLANG_ENABLE_OBJC_WEAK = YES;
				CLANG_WARN_BLOCK_CAPTURE_AUTORELEASING = YES;
				CLANG_WARN_BOOL_CONVERSION = YES;
				CLANG_WARN_COMMA = YES;
				CLANG_WARN_CONSTANT_CONVERSION = YES;
				CLANG_WARN_DEPRECATED_OBJC_IMPLEMENTATIONS = YES;
				CLANG_WARN_DIRECT_OBJC_ISA_USAGE = YES_ERROR;
				CLANG_WARN_DOCUMENTATION_COMMENTS = YES;
				CLANG_WARN_EMPTY_BODY = YES;
				CLANG_WARN_ENUM_CONVERSION = YES;
				CLANG_WARN_INFINITE_RECURSION = YES;
				CLANG_WARN_INT_CONVERSION = YES;
				CLANG_WARN_NON_LITERAL_NULL_CONVERSION = YES;
				CLANG_WARN_OBJC_IMPLICIT_RETAIN_SELF = YES;
				CLANG_WARN_OBJC_LITERAL_CONVERSION = YES;
				CLANG_WARN_OBJC_ROOT_CLASS = YES_ERROR;
				CLANG_WARN_RANGE_LOOP_ANALYSIS = YES;
				CLANG_WARN_STRICT_PROTOTYPES = YES;
				CLANG_WARN_SUSPICIOUS_MOVE = YES;
				CLANG_WARN_UNGUARDED_AVAILABILITY = YES_AGGRESSIVE;
				CLANG_WARN_UNREACHABLE_CODE = YES;
				CLANG_WARN__DUPLICATE_METHOD_MATCH = YES;
				COPY_PHASE_STRIP = NO;
				DEBUG_INFORMATION_FORMAT = dwarf;
				ENABLE_STRICT_OBJC_MSGSEND = YES;
				ENABLE_TESTABILITY = YES;
				GCC_C_LANGUAGE_STANDARD = gnu11;
				GCC_DYNAMIC_NO_PIC = NO;
				GCC_NO_COMMON_BLOCKS = YES;
				GCC_OPTIMIZATION_LEVEL = 0;
				GCC_PREPROCESSOR_DEFINITIONS = (
					"DEBUG=1",
					"$(inherited)",
				);
				GCC_WARN_64_TO_32_BIT_CONVERSION = YES;
				GCC_WARN_ABOUT_RETURN_TYPE = YES_ERROR;
				GCC_WARN_UNDECLARED_SELECTOR = YES;
				GCC_WARN_UNINITIALIZED_AUTOS = YES_AGGRESSIVE;
				GCC_WARN_UNUSED_FUNCTION = YES;
				GCC_WARN_UNUSED_VARIABLE = YES;
				IPHONEOS_DEPLOYMENT_TARGET = 13.2;
				MTL_ENABLE_DEBUG_INFO = INCLUDE_SOURCE;
				MTL_FAST_MATH = YES;
				ONLY_ACTIVE_ARCH = YES;
				SDKROOT = iphoneos;
			};
			name = Debug;
		};
		E12195AC23C85A2800575D0E /* Release */ = {
			isa = XCBuildConfiguration;
			buildSettings = {
				ALWAYS_SEARCH_USER_PATHS = NO;
				CLANG_ANALYZER_NONNULL = YES;
				CLANG_ANALYZER_NUMBER_OBJECT_CONVERSION = YES_AGGRESSIVE;
				CLANG_CXX_LANGUAGE_STANDARD = "gnu++14";
				CLANG_CXX_LIBRARY = "libc++";
				CLANG_ENABLE_MODULES = YES;
				CLANG_ENABLE_OBJC_ARC = YES;
				CLANG_ENABLE_OBJC_WEAK = YES;
				CLANG_WARN_BLOCK_CAPTURE_AUTORELEASING = YES;
				CLANG_WARN_BOOL_CONVERSION = YES;
				CLANG_WARN_COMMA = YES;
				CLANG_WARN_CONSTANT_CONVERSION = YES;
				CLANG_WARN_DEPRECATED_OBJC_IMPLEMENTATIONS = YES;
				CLANG_WARN_DIRECT_OBJC_ISA_USAGE = YES_ERROR;
				CLANG_WARN_DOCUMENTATION_COMMENTS = YES;
				CLANG_WARN_EMPTY_BODY = YES;
				CLANG_WARN_ENUM_CONVERSION = YES;
				CLANG_WARN_INFINITE_RECURSION = YES;
				CLANG_WARN_INT_CONVERSION = YES;
				CLANG_WARN_NON_LITERAL_NULL_CONVERSION = YES;
				CLANG_WARN_OBJC_IMPLICIT_RETAIN_SELF = YES;
				CLANG_WARN_OBJC_LITERAL_CONVERSION = YES;
				CLANG_WARN_OBJC_ROOT_CLASS = YES_ERROR;
				CLANG_WARN_RANGE_LOOP_ANALYSIS = YES;
				CLANG_WARN_STRICT_PROTOTYPES = YES;
				CLANG_WARN_SUSPICIOUS_MOVE = YES;
				CLANG_WARN_UNGUARDED_AVAILABILITY = YES_AGGRESSIVE;
				CLANG_WARN_UNREACHABLE_CODE = YES;
				CLANG_WARN__DUPLICATE_METHOD_MATCH = YES;
				COPY_PHASE_STRIP = NO;
				DEBUG_INFORMATION_FORMAT = "dwarf-with-dsym";
				ENABLE_NS_ASSERTIONS = NO;
				ENABLE_STRICT_OBJC_MSGSEND = YES;
				GCC_C_LANGUAGE_STANDARD = gnu11;
				GCC_NO_COMMON_BLOCKS = YES;
				GCC_WARN_64_TO_32_BIT_CONVERSION = YES;
				GCC_WARN_ABOUT_RETURN_TYPE = YES_ERROR;
				GCC_WARN_UNDECLARED_SELECTOR = YES;
				GCC_WARN_UNINITIALIZED_AUTOS = YES_AGGRESSIVE;
				GCC_WARN_UNUSED_FUNCTION = YES;
				GCC_WARN_UNUSED_VARIABLE = YES;
				IPHONEOS_DEPLOYMENT_TARGET = 13.2;
				MTL_ENABLE_DEBUG_INFO = NO;
				MTL_FAST_MATH = YES;
				SDKROOT = iphoneos;
				VALIDATE_PRODUCT = YES;
			};
			name = Release;
		};
		E12195AE23C85A2800575D0E /* Debug */ = {
			isa = XCBuildConfiguration;
			buildSettings = {
				ASSETCATALOG_COMPILER_APPICON_NAME = AppIcon;
				CODE_SIGN_STYLE = Automatic;
				DEVELOPMENT_TEAM = Y4MB2B6UD3;
				INFOPLIST_FILE = "$(SRCROOT)/YLPermenantThread/Info.plist";
				LD_RUNPATH_SEARCH_PATHS = (
					"$(inherited)",
					"@executable_path/Frameworks",
				);
				PRODUCT_BUNDLE_IDENTIFIER = com.liang.YLAutoThread;
				PRODUCT_NAME = YLPermenantThread;
				TARGETED_DEVICE_FAMILY = "1,2";
			};
			name = Debug;
		};
		E12195AF23C85A2800575D0E /* Release */ = {
			isa = XCBuildConfiguration;
			buildSettings = {
				ASSETCATALOG_COMPILER_APPICON_NAME = AppIcon;
				CODE_SIGN_STYLE = Automatic;
				DEVELOPMENT_TEAM = Y4MB2B6UD3;
				INFOPLIST_FILE = "$(SRCROOT)/YLPermenantThread/Info.plist";
				LD_RUNPATH_SEARCH_PATHS = (
					"$(inherited)",
					"@executable_path/Frameworks",
				);
				PRODUCT_BUNDLE_IDENTIFIER = com.liang.YLAutoThread;
				PRODUCT_NAME = YLPermenantThread;
				TARGETED_DEVICE_FAMILY = "1,2";
			};
			name = Release;
		};
		E12195B123C85A2800575D0E /* Debug */ = {
			isa = XCBuildConfiguration;
			buildSettings = {
				BUNDLE_LOADER = "$(TEST_HOST)";
				CODE_SIGN_STYLE = Automatic;
				DEVELOPMENT_TEAM = Y4MB2B6UD3;
				INFOPLIST_FILE = YLAutoThreadTests/Info.plist;
				IPHONEOS_DEPLOYMENT_TARGET = 13.2;
				LD_RUNPATH_SEARCH_PATHS = (
					"$(inherited)",
					"@executable_path/Frameworks",
					"@loader_path/Frameworks",
				);
				PRODUCT_BUNDLE_IDENTIFIER = com.liang.YLAutoThreadTests;
				PRODUCT_NAME = "$(TARGET_NAME)";
				TARGETED_DEVICE_FAMILY = "1,2";
				TEST_HOST = "$(BUILT_PRODUCTS_DIR)/YLPermenantThread.app/YLPermenantThread";
			};
			name = Debug;
		};
		E12195B223C85A2800575D0E /* Release */ = {
			isa = XCBuildConfiguration;
			buildSettings = {
				BUNDLE_LOADER = "$(TEST_HOST)";
				CODE_SIGN_STYLE = Automatic;
				DEVELOPMENT_TEAM = Y4MB2B6UD3;
				INFOPLIST_FILE = YLAutoThreadTests/Info.plist;
				IPHONEOS_DEPLOYMENT_TARGET = 13.2;
				LD_RUNPATH_SEARCH_PATHS = (
					"$(inherited)",
					"@executable_path/Frameworks",
					"@loader_path/Frameworks",
				);
				PRODUCT_BUNDLE_IDENTIFIER = com.liang.YLAutoThreadTests;
				PRODUCT_NAME = "$(TARGET_NAME)";
				TARGETED_DEVICE_FAMILY = "1,2";
				TEST_HOST = "$(BUILT_PRODUCTS_DIR)/YLPermenantThread.app/YLPermenantThread";
			};
			name = Release;
		};
		E12195B423C85A2800575D0E /* Debug */ = {
			isa = XCBuildConfiguration;
			buildSettings = {
				CODE_SIGN_STYLE = Automatic;
				DEVELOPMENT_TEAM = Y4MB2B6UD3;
				INFOPLIST_FILE = YLAutoThreadUITests/Info.plist;
				LD_RUNPATH_SEARCH_PATHS = (
					"$(inherited)",
					"@executable_path/Frameworks",
					"@loader_path/Frameworks",
				);
				PRODUCT_BUNDLE_IDENTIFIER = com.liang.YLAutoThreadUITests;
				PRODUCT_NAME = "$(TARGET_NAME)";
				TARGETED_DEVICE_FAMILY = "1,2";
				TEST_TARGET_NAME = YLAutoThread;
			};
			name = Debug;
		};
		E12195B523C85A2800575D0E /* Release */ = {
			isa = XCBuildConfiguration;
			buildSettings = {
				CODE_SIGN_STYLE = Automatic;
				DEVELOPMENT_TEAM = Y4MB2B6UD3;
				INFOPLIST_FILE = YLAutoThreadUITests/Info.plist;
				LD_RUNPATH_SEARCH_PATHS = (
					"$(inherited)",
					"@executable_path/Frameworks",
					"@loader_path/Frameworks",
				);
				PRODUCT_BUNDLE_IDENTIFIER = com.liang.YLAutoThreadUITests;
				PRODUCT_NAME = "$(TARGET_NAME)";
				TARGETED_DEVICE_FAMILY = "1,2";
				TEST_TARGET_NAME = YLAutoThread;
			};
			name = Release;
		};
/* End XCBuildConfiguration section */

/* Begin XCConfigurationList section */
		E121957923C85A2500575D0E /* Build configuration list for PBXProject "YLPermenantThread" */ = {
			isa = XCConfigurationList;
			buildConfigurations = (
				E12195AB23C85A2800575D0E /* Debug */,
				E12195AC23C85A2800575D0E /* Release */,
			);
			defaultConfigurationIsVisible = 0;
			defaultConfigurationName = Release;
		};
		E12195AD23C85A2800575D0E /* Build configuration list for PBXNativeTarget "YLPermenantThread" */ = {
			isa = XCConfigurationList;
			buildConfigurations = (
				E12195AE23C85A2800575D0E /* Debug */,
				E12195AF23C85A2800575D0E /* Release */,
			);
			defaultConfigurationIsVisible = 0;
			defaultConfigurationName = Release;
		};
		E12195B023C85A2800575D0E /* Build configuration list for PBXNativeTarget "YLPermenantThreadTests" */ = {
			isa = XCConfigurationList;
			buildConfigurations = (
				E12195B123C85A2800575D0E /* Debug */,
				E12195B223C85A2800575D0E /* Release */,
			);
			defaultConfigurationIsVisible = 0;
			defaultConfigurationName = Release;
		};
		E12195B323C85A2800575D0E /* Build configuration list for PBXNativeTarget "YLPermenantThreadUITests" */ = {
			isa = XCConfigurationList;
			buildConfigurations = (
				E12195B423C85A2800575D0E /* Debug */,
				E12195B523C85A2800575D0E /* Release */,
			);
			defaultConfigurationIsVisible = 0;
			defaultConfigurationName = Release;
		};
/* End XCConfigurationList section */
	};
	rootObject = E121957623C85A2500575D0E /* Project object */;
}
